DEPENDENCIES
  locustio
    path: .
    metadata: true

GRAPH
  apt (2.6.1)
  build-essential (2.2.3)
  locustio (0.2.1)
    apt (~> 2.6.1)
    python (~> 1.4.6)
    runit (~> 1.5.12)
  python (1.4.6)
    build-essential (>= 0.0.0)
    yum-epel (>= 0.0.0)
  runit (1.5.18)
    build-essential (>= 0.0.0)
    yum (~> 3.0)
    yum-epel (>= 0.0.0)
  yum (3.6.1)
  yum-epel (0.6.0)
    yum (~> 3.0)
